version = 1
revision = 3
requires-python = "==3.12.*"

[[package]]
name = "debugpy"
version = "1.8.19"
source = { registry = "https://pypi.org/simple" }
sdist = { url = "https://files.pythonhosted.org/packages/73/75/9e12d4d42349b817cd545b89247696c67917aab907012ae5b64bbfea3199/debugpy-1.8.19.tar.gz", hash = "sha256:eea7e5987445ab0b5ed258093722d5ecb8bb72217c5c9b1e21f64efe23ddebdb", size = 1644590, upload-time = "2025-12-15T21:53:28.044Z" }
wheels = [
    { url = "https://files.pythonhosted.org/packages/4a/15/d762e5263d9e25b763b78be72dc084c7a32113a0bac119e2f7acae7700ed/debugpy-1.8.19-cp312-cp312-macosx_15_0_universal2.whl", hash = "sha256:bccb1540a49cde77edc7ce7d9d075c1dbeb2414751bc0048c7a11e1b597a4c2e", size = 2549995, upload-time = "2025-12-15T21:53:43.773Z" },
    { url = "https://files.pythonhosted.org/packages/a7/88/f7d25c68b18873b7c53d7c156ca7a7ffd8e77073aa0eac170a9b679cf786/debugpy-1.8.19-cp312-cp312-manylinux_2_34_x86_64.whl", hash = "sha256:e9c68d9a382ec754dc05ed1d1b4ed5bd824b9f7c1a8cd1083adb84b3c93501de", size = 4309891, upload-time = "2025-12-15T21:53:45.26Z" },
    { url = "https://files.pythonhosted.org/packages/c5/4f/a65e973aba3865794da65f71971dca01ae66666132c7b2647182d5be0c5f/debugpy-1.8.19-cp312-cp312-win32.whl", hash = "sha256:6599cab8a783d1496ae9984c52cb13b7c4a3bd06a8e6c33446832a5d97ce0bee", size = 5286355, upload-time = "2025-12-15T21:53:46.763Z" },
    { url = "https://files.pythonhosted.org/packages/d8/3a/d3d8b48fec96e3d824e404bf428276fb8419dfa766f78f10b08da1cb2986/debugpy-1.8.19-cp312-cp312-win_amd64.whl", hash = "sha256:66e3d2fd8f2035a8f111eb127fa508469dfa40928a89b460b41fd988684dc83d", size = 5328239, upload-time = "2025-12-15T21:53:48.868Z" },
    { url = "https://files.pythonhosted.org/packages/25/3e/e27078370414ef35fafad2c06d182110073daaeb5d3bf734b0b1eeefe452/debugpy-1.8.19-py2.py3-none-any.whl", hash = "sha256:360ffd231a780abbc414ba0f005dad409e71c78637efe8f2bd75837132a41d38", size = 5292321, upload-time = "2025-12-15T21:54:16.024Z" },
]

[[package]]
name = "ms-fde-root"
version = "0.0.0"
source = { virtual = "." }

[package.dev-dependencies]
dev = [
    { name = "debugpy" },
]

[package.metadata]

[package.metadata.requires-dev]
dev = [{ name = "debugpy", specifier = ">=1.8.17" }]
