version = 1
revision = 3
requires-python = "==3.12.*"

[[package]]
name = "debugpy"
version = "1.8.20"
source = { registry = "https://pypi.org/simple" }
sdist = { url = "https://files.pythonhosted.org/packages/e0/b7/cd8080344452e4874aae67c40d8940e2b4d47b01601a8fd9f44786c757c7/debugpy-1.8.20.tar.gz", hash = "sha256:55bc8701714969f1ab89a6d5f2f3d40c36f91b2cbe2f65d98bf8196f6a6a2c33", size = 1645207, upload-time = "2026-01-29T23:03:28.199Z" }
wheels = [
    { url = "https://files.pythonhosted.org/packages/14/57/7f34f4736bfb6e00f2e4c96351b07805d83c9a7b33d28580ae01374430f7/debugpy-1.8.20-cp312-cp312-macosx_15_0_universal2.whl", hash = "sha256:4ae3135e2089905a916909ef31922b2d733d756f66d87345b3e5e52b7a55f13d", size = 2550686, upload-time = "2026-01-29T23:03:42.023Z" },
    { url = "https://files.pythonhosted.org/packages/ab/78/b193a3975ca34458f6f0e24aaf5c3e3da72f5401f6054c0dfd004b41726f/debugpy-1.8.20-cp312-cp312-manylinux_2_34_x86_64.whl", hash = "sha256:88f47850a4284b88bd2bfee1f26132147d5d504e4e86c22485dfa44b97e19b4b", size = 4310588, upload-time = "2026-01-29T23:03:43.314Z" },
    { url = "https://files.pythonhosted.org/packages/c1/55/f14deb95eaf4f30f07ef4b90a8590fc05d9e04df85ee379712f6fb6736d7/debugpy-1.8.20-cp312-cp312-win32.whl", hash = "sha256:4057ac68f892064e5f98209ab582abfee3b543fb55d2e87610ddc133a954d390", size = 5331372, upload-time = "2026-01-29T23:03:45.526Z" },
    { url = "https://files.pythonhosted.org/packages/a1/39/2bef246368bd42f9bd7cba99844542b74b84dacbdbea0833e610f384fee8/debugpy-1.8.20-cp312-cp312-win_amd64.whl", hash = "sha256:a1a8f851e7cf171330679ef6997e9c579ef6dd33c9098458bd9986a0f4ca52e3", size = 5372835, upload-time = "2026-01-29T23:03:47.245Z" },
    { url = "https://files.pythonhosted.org/packages/e0/c3/7f67dea8ccf8fdcb9c99033bbe3e90b9e7395415843accb81428c441be2d/debugpy-1.8.20-py2.py3-none-any.whl", hash = "sha256:5be9bed9ae3be00665a06acaa48f8329d2b9632f15fd09f6a9a8c8d9907e54d7", size = 5337658, upload-time = "2026-01-29T23:04:17.404Z" },
]

[[package]]
name = "ms-fde-root"
version = "0.0.0"
source = { virtual = "." }

[package.dev-dependencies]
dev = [
    { name = "debugpy" },
]

[package.metadata]

[package.metadata.requires-dev]
dev = [{ name = "debugpy", specifier = ">=1.8.17" }]
