version = 1
revision = 3
requires-python = "==3.13.*"

[[package]]
name = "ruamel-yaml"
version = "0.17.38"
source = { registry = "https://pypi.org/simple" }
sdist = { url = "https://files.pythonhosted.org/packages/cc/7f/227b5acc72eea42fa44186d46a0f4e10850a03a05e8167d4dd57589101d9/ruamel.yaml-0.17.38.tar.gz", hash = "sha256:a1d740449e96e9a43330f0b8448dc206d090fc9d10a384be68275ac18e0bc9ae", size = 136420, upload-time = "2023-10-19T13:36:06.361Z" }
wheels = [
    { url = "https://files.pythonhosted.org/packages/1f/cb/415b5ff8179a342aa87941f651d4571494560e7a67fb286243512f29d644/ruamel.yaml-0.17.38-py3-none-any.whl", hash = "sha256:c29d92cd41897d3a4d74c69e5014955c08f8e7aef49fb35c2215993db057c0e0", size = 113198, upload-time = "2023-10-19T13:36:02.997Z" },
]

[[package]]
name = "test-repo"
source = { editable = "." }
dependencies = [
    { name = "ruamel-yaml" },
]

[package.metadata]
requires-dist = [{ name = "ruamel-yaml", specifier = "==0.17.38" }]

[package.metadata.requires-dev]
test = []
