version = 1
revision = 3
requires-python = "==3.13.*"

[[package]]
name = "ruamel-yaml"
version = "0.18.17"
source = { registry = "https://pypi.org/simple" }
dependencies = [
    { name = "ruamel-yaml-clib", marker = "platform_python_implementation == 'CPython'" },
]
sdist = { url = "https://files.pythonhosted.org/packages/3a/2b/7a1f1ebcd6b3f14febdc003e658778d81e76b40df2267904ee6b13f0c5c6/ruamel_yaml-0.18.17.tar.gz", hash = "sha256:9091cd6e2d93a3a4b157ddb8fabf348c3de7f1fb1381346d985b6b247dcd8d3c", size = 149602, upload-time = "2025-12-17T20:02:55.757Z" }
wheels = [
    { url = "https://files.pythonhosted.org/packages/af/fe/b6045c782f1fd1ae317d2a6ca1884857ce5c20f59befe6ab25a8603c43a7/ruamel_yaml-0.18.17-py3-none-any.whl", hash = "sha256:9c8ba9eb3e793efdf924b60d521820869d5bf0cb9c6f1b82d82de8295e290b9d", size = 121594, upload-time = "2025-12-17T20:02:07.657Z" },
]

[[package]]
name = "ruamel-yaml-clib"
version = "0.2.15"
source = { registry = "https://pypi.org/simple" }
sdist = { url = "https://files.pythonhosted.org/packages/ea/97/60fda20e2fb54b83a61ae14648b0817c8f5d84a3821e40bfbdae1437026a/ruamel_yaml_clib-0.2.15.tar.gz", hash = "sha256:46e4cc8c43ef6a94885f72512094e482114a8a706d3c555a34ed4b0d20200600", size = 225794, upload-time = "2025-11-16T16:12:59.761Z" }
wheels = [
    { url = "https://files.pythonhosted.org/packages/17/5e/2f970ce4c573dc30c2f95825f2691c96d55560268ddc67603dc6ea2dd08e/ruamel_yaml_clib-0.2.15-cp313-cp313-macosx_10_13_x86_64.whl", hash = "sha256:4dcec721fddbb62e60c2801ba08c87010bd6b700054a09998c4d09c08147b8fb", size = 147450, upload-time = "2025-11-16T16:13:33.542Z" },
    { url = "https://files.pythonhosted.org/packages/d6/03/a1baa5b94f71383913f21b96172fb3a2eb5576a4637729adbf7cd9f797f8/ruamel_yaml_clib-0.2.15-cp313-cp313-macosx_11_0_arm64.whl", hash = "sha256:65f48245279f9bb301d1276f9679b82e4c080a1ae25e679f682ac62446fac471", size = 133139, upload-time = "2025-11-16T16:13:34.587Z" },
    { url = "https://files.pythonhosted.org/packages/dc/19/40d676802390f85784235a05788fd28940923382e3f8b943d25febbb98b7/ruamel_yaml_clib-0.2.15-cp313-cp313-manylinux1_i686.manylinux_2_28_i686.manylinux_2_5_i686.whl", hash = "sha256:46895c17ead5e22bea5e576f1db7e41cb273e8d062c04a6a49013d9f60996c25", size = 731474, upload-time = "2025-11-16T20:22:49.934Z" },
    { url = "https://files.pythonhosted.org/packages/ce/bb/6ef5abfa43b48dd55c30d53e997f8f978722f02add61efba31380d73e42e/ruamel_yaml_clib-0.2.15-cp313-cp313-manylinux2014_aarch64.manylinux_2_17_aarch64.manylinux_2_28_aarch64.whl", hash = "sha256:3eb199178b08956e5be6288ee0b05b2fb0b5c1f309725ad25d9c6ea7e27f962a", size = 748047, upload-time = "2025-11-16T16:13:35.633Z" },
    { url = "https://files.pythonhosted.org/packages/ff/5d/e4f84c9c448613e12bd62e90b23aa127ea4c46b697f3d760acc32cb94f25/ruamel_yaml_clib-0.2.15-cp313-cp313-manylinux2014_x86_64.manylinux_2_17_x86_64.manylinux_2_28_x86_64.whl", hash = "sha256:4d1032919280ebc04a80e4fb1e93f7a738129857eaec9448310e638c8bccefcf", size = 782129, upload-time = "2025-11-16T16:13:36.781Z" },
    { url = "https://files.pythonhosted.org/packages/de/4b/e98086e88f76c00c88a6bcf15eae27a1454f661a9eb72b111e6bbb69024d/ruamel_yaml_clib-0.2.15-cp313-cp313-musllinux_1_2_aarch64.whl", hash = "sha256:ab0df0648d86a7ecbd9c632e8f8d6b21bb21b5fc9d9e095c796cacf32a728d2d", size = 736848, upload-time = "2025-11-16T16:13:37.952Z" },
    { url = "https://files.pythonhosted.org/packages/0c/5c/5964fcd1fd9acc53b7a3a5d9a05ea4f95ead9495d980003a557deb9769c7/ruamel_yaml_clib-0.2.15-cp313-cp313-musllinux_1_2_i686.whl", hash = "sha256:331fb180858dd8534f0e61aa243b944f25e73a4dae9962bd44c46d1761126bbf", size = 741630, upload-time = "2025-11-16T20:22:51.718Z" },
    { url = "https://files.pythonhosted.org/packages/07/1e/99660f5a30fceb58494598e7d15df883a07292346ef5696f0c0ae5dee8c6/ruamel_yaml_clib-0.2.15-cp313-cp313-musllinux_1_2_x86_64.whl", hash = "sha256:fd4c928ddf6bce586285daa6d90680b9c291cfd045fc40aad34e445d57b1bf51", size = 766619, upload-time = "2025-11-16T16:13:39.178Z" },
    { url = "https://files.pythonhosted.org/packages/36/2f/fa0344a9327b58b54970e56a27b32416ffbcfe4dcc0700605516708579b2/ruamel_yaml_clib-0.2.15-cp313-cp313-win32.whl", hash = "sha256:bf0846d629e160223805db9fe8cc7aec16aaa11a07310c50c8c7164efa440aec", size = 100171, upload-time = "2025-11-16T16:13:40.456Z" },
    { url = "https://files.pythonhosted.org/packages/06/c4/c124fbcef0684fcf3c9b72374c2a8c35c94464d8694c50f37eef27f5a145/ruamel_yaml_clib-0.2.15-cp313-cp313-win_amd64.whl", hash = "sha256:45702dfbea1420ba3450bb3dd9a80b33f0badd57539c6aac09f42584303e0db6", size = 118845, upload-time = "2025-11-16T16:13:41.481Z" },
]

[[package]]
name = "test-repo"
source = { editable = "." }
dependencies = [
    { name = "ruamel-yaml" },
]

[package.metadata]
requires-dist = [{ name = "ruamel-yaml", specifier = "==0.18.17" }]

[package.metadata.requires-dev]
test = []
