version = 1
revision = 3
requires-python = ">=3.12"

[[package]]
name = "opentelemetry-instrumentation-fastapi"
version = "0.50b0"
source = { registry = "https://pypi.org/simple" }
dependencies = [
    { name = "opentelemetry-api" },
    { name = "opentelemetry-instrumentation" },
    { name = "opentelemetry-instrumentation-asgi" },
    { name = "opentelemetry-semantic-conventions" },
    { name = "opentelemetry-util-http" },
]
sdist = { url = "https://files.pythonhosted.org/packages/8d/f8/1917b0b3e414e23c7d71c9a33f0ce020f94bc47d22a30f54ace704e07588/opentelemetry_instrumentation_fastapi-0.50b0.tar.gz", hash = "sha256:16b9181682136da210295def2bb304a32fb9bdee9a935cdc9da43567f7c1149e", size = 19214 }
wheels = [
    { url = "https://files.pythonhosted.org/packages/cb/d6/37784bb30b213e2dd6838b9f96c2940907022c1b75ef1ff18a99afe42433/opentelemetry_instrumentation_fastapi-0.50b0-py3-none-any.whl", hash = "sha256:8f03b738495e4705fbae51a2826389c7369629dace89d0f291c06ffefdff5e52", size = 12079 },
]

[[package]]
name = "opentelemetry-instrumentation-httpx"
version = "0.50b0"
source = { registry = "https://pypi.org/simple" }
dependencies = [
    { name = "opentelemetry-api" },
    { name = "opentelemetry-instrumentation" },
    { name = "opentelemetry-semantic-conventions" },
    { name = "opentelemetry-util-http" },
    { name = "wrapt" },
]
sdist = { url = "https://files.pythonhosted.org/packages/d5/9c/4a6b0af28d579690fbab7ffd0560802e4384cd56c8d637f99641f44a7291/opentelemetry_instrumentation_httpx-0.50b0.tar.gz", hash = "sha256:0072d1d39552449c08a45a7a0db0cd6af32c85205bd97267b2a272fc56a9b438", size = 17611 }
wheels = [
    { url = "https://files.pythonhosted.org/packages/03/25/6a0edd3d161d5a15cf4538e32a1289f1f6fd7a52651afd32bb856ede4e99/opentelemetry_instrumentation_httpx-0.50b0-py3-none-any.whl", hash = "sha256:27acd41a9e70384d0978d58f492e5c16fc7a1b2363d5992b5bd0a27a3df7b68e", size = 13838 },
]

[[package]]
name = "opentelemetry-instrumentation-psycopg2"
version = "0.50b0"
source = { registry = "https://pypi.org/simple" }
dependencies = [
    { name = "opentelemetry-api" },
    { name = "opentelemetry-instrumentation" },
    { name = "opentelemetry-instrumentation-dbapi" },
]
sdist = { url = "https://files.pythonhosted.org/packages/5f/d6/d223e9149b5ff2a38c2092fef29c0cdaf2dfa2f314df172171f8c7964411/opentelemetry_instrumentation_psycopg2-0.50b0.tar.gz", hash = "sha256:86f8e507e98d8824f51bbc3c62121dbd4b8286063362f10b9dfa035a8da49f0b", size = 9161 }
wheels = [
    { url = "https://files.pythonhosted.org/packages/41/be/73dc00f670ed2b3dd04932287f90fb72082d871a6be17d350b392e8038aa/opentelemetry_instrumentation_psycopg2-0.50b0-py3-none-any.whl", hash = "sha256:448297e63320711b5571f64bcf5d67ecf4856454c36d3bff6c3d01a4f8a48d18", size = 10064 },
]

[[package]]
name = "opentelemetry-sdk"
version = "1.29.0"
source = { registry = "https://pypi.org/simple" }
dependencies = [
    { name = "opentelemetry-api" },
    { name = "opentelemetry-semantic-conventions" },
    { name = "typing-extensions" },
]
sdist = { url = "https://files.pythonhosted.org/packages/0c/5a/1ed4c3cf6c09f80565fc085f7e8efa0c222712fd2a9412d07424705dcf72/opentelemetry_sdk-1.29.0.tar.gz", hash = "sha256:b0787ce6aade6ab84315302e72bd7a7f2f014b0fb1b7c3295b88afe014ed0643", size = 157229 }
wheels = [
    { url = "https://files.pythonhosted.org/packages/d1/1d/512b86af21795fb463726665e2f61db77d384e8779fdcf4cb0ceec47866d/opentelemetry_sdk-1.29.0-py3-none-any.whl", hash = "sha256:173be3b5d3f8f7d671f20ea37056710217959e774e2749d984355d1f9391a30a", size = 118078 },
]

[[package]]
name = "opentelemetry-instrumentation-botocore"
version = "0.50b0"
source = { registry = "https://pypi.org/simple" }
dependencies = [
    { name = "opentelemetry-api" },
    { name = "opentelemetry-instrumentation" },
    { name = "opentelemetry-propagator-aws-xray" },
    { name = "opentelemetry-semantic-conventions" },
]
sdist = { url = "https://files.pythonhosted.org/packages/69/68/4dd4a77128549b64a376bf3b9b4eb59f1220ae0387e584fa42a44b0e9ed5/opentelemetry_instrumentation_botocore-0.50b0.tar.gz", hash = "sha256:ffe856f24e1275cb9694bfdda49240d08a01f191b4725fdbd2b4622bea6aeed7", size = 22507 }
wheels = [
    { url = "https://files.pythonhosted.org/packages/e9/2e/c91a5182d4cdf69efefa9f052d73ae3b98617ce8f938e4c63cc91ed8b9bd/opentelemetry_instrumentation_botocore-0.50b0-py3-none-any.whl", hash = "sha256:450c6f43adf3ce917d6832b9a4cc2ce7c8554ef0c0a2ce39eccc086fd5cdf741", size = 22243 },
]
